
Microsoft Visual Studio Solution File, Format Version 12.00
# Visual Studio Version 16
VisualStudioVersion = 16.0.31025.194
MinimumVisualStudioVersion = 10.0.40219.1
Project("{FAE04EC0-301F-11D3-BF4B-00C04F79EFBC}") = "shopcart-api", "src\shopcart-api.csproj", "{4DAE4D48-CC73-4F4B-930E-7E72731C5183}"
EndProject
Global
	GlobalSection(SolutionConfigurationPlatforms) = preSolution
		Debug|Any CPU = Debug|Any CPU
		Release|Any CPU = Release|Any CPU
	EndGlobalSection
	GlobalSection(ProjectConfigurationPlatforms) = postSolution
		{4DAE4D48-CC73-4F4B-930E-7E72731C5183}.Debug|Any CPU.ActiveCfg = Debug|Any CPU
		{4DAE4D48-CC73-4F4B-930E-7E72731C5183}.Debug|Any CPU.Build.0 = Debug|Any CPU
		{4DAE4D48-CC73-4F4B-930E-7E72731C5183}.Release|Any CPU.ActiveCfg = Release|Any CPU
		{4DAE4D48-CC73-4F4B-930E-7E72731C5183}.Release|Any CPU.Build.0 = Release|Any CPU
	EndGlobalSection
	GlobalSection(SolutionProperties) = preSolution
		HideSolutionNode = FALSE
	EndGlobalSection
	GlobalSection(ExtensibilityGlobals) = postSolution
		SolutionGuid = {E6181D40-52F9-4019-88A1-56E9731C228B}
	EndGlobalSection
EndGlobal
